
Microsoft Visual Studio Solution File, Format Version 12.00
Project("{FAE04EC0-301F-11D3-BF4B-00C04F79EFBC}") = "PixelSharper.Core", "PixelSharper.Core\PixelSharper.Core.csproj", "{0F5B839E-FEDA-4536-B76B-A66CCADC6717}"
EndProject
Project("{FAE04EC0-301F-11D3-BF4B-00C04F79EFBC}") = "PixelSharperTests", "PixelSharperTests\PixelSharperTests.csproj", "{2181D058-A313-4FC2-82A3-D7E4CA21FFB3}"
EndProject
Project("{FAE04EC0-301F-11D3-BF4B-00C04F79EFBC}") = "PixelSharper.Examples", "PixelSharper.Examples\PixelSharper.Examples.csproj", "{A175C753-19BB-4C31-AE00-D123A7E697F5}"
EndProject
Project("{FAE04EC0-301F-11D3-BF4B-00C04F79EFBC}") = "PixelSharper.Benchmarks", "PixelSharper.Benchmarks\PixelSharper.Benchmarks.csproj", "{1B78B01D-001D-4B3A-A3BB-8BC24AF34824}"
EndProject
Global
	GlobalSection(SolutionConfigurationPlatforms) = preSolution
		Debug|Any CPU = Debug|Any CPU
		Debug|x64 = Debug|x64
		Debug|x86 = Debug|x86
		Release|Any CPU = Release|Any CPU
		Release|x64 = Release|x64
		Release|x86 = Release|x86
	EndGlobalSection
	GlobalSection(ProjectConfigurationPlatforms) = postSolution
		{0F5B839E-FEDA-4536-B76B-A66CCADC6717}.Debug|Any CPU.ActiveCfg = Debug|Any CPU
		{0F5B839E-FEDA-4536-B76B-A66CCADC6717}.Debug|Any CPU.Build.0 = Debug|Any CPU
		{0F5B839E-FEDA-4536-B76B-A66CCADC6717}.Debug|x64.ActiveCfg = Debug|Any CPU
		{0F5B839E-FEDA-4536-B76B-A66CCADC6717}.Debug|x64.Build.0 = Debug|Any CPU
		{0F5B839E-FEDA-4536-B76B-A66CCADC6717}.Debug|x86.ActiveCfg = Debug|Any CPU
		{0F5B839E-FEDA-4536-B76B-A66CCADC6717}.Debug|x86.Build.0 = Debug|Any CPU
		{0F5B839E-FEDA-4536-B76B-A66CCADC6717}.Release|Any CPU.ActiveCfg = Release|Any CPU
		{0F5B839E-FEDA-4536-B76B-A66CCADC6717}.Release|Any CPU.Build.0 = Release|Any CPU
		{0F5B839E-FEDA-4536-B76B-A66CCADC6717}.Release|x64.ActiveCfg = Release|Any CPU
		{0F5B839E-FEDA-4536-B76B-A66CCADC6717}.Release|x64.Build.0 = Release|Any CPU
		{0F5B839E-FEDA-4536-B76B-A66CCADC6717}.Release|x86.ActiveCfg = Release|Any CPU
		{0F5B839E-FEDA-4536-B76B-A66CCADC6717}.Release|x86.Build.0 = Release|Any CPU
		{2181D058-A313-4FC2-82A3-D7E4CA21FFB3}.Debug|Any CPU.ActiveCfg = Debug|Any CPU
		{2181D058-A313-4FC2-82A3-D7E4CA21FFB3}.Debug|Any CPU.Build.0 = Debug|Any CPU
		{2181D058-A313-4FC2-82A3-D7E4CA21FFB3}.Debug|x64.ActiveCfg = Debug|Any CPU
		{2181D058-A313-4FC2-82A3-D7E4CA21FFB3}.Debug|x64.Build.0 = Debug|Any CPU
		{2181D058-A313-4FC2-82A3-D7E4CA21FFB3}.Debug|x86.ActiveCfg = Debug|Any CPU
		{2181D058-A313-4FC2-82A3-D7E4CA21FFB3}.Debug|x86.Build.0 = Debug|Any CPU
		{2181D058-A313-4FC2-82A3-D7E4CA21FFB3}.Release|Any CPU.ActiveCfg = Release|Any CPU
		{2181D058-A313-4FC2-82A3-D7E4CA21FFB3}.Release|Any CPU.Build.0 = Release|Any CPU
		{2181D058-A313-4FC2-82A3-D7E4CA21FFB3}.Release|x64.ActiveCfg = Release|Any CPU
		{2181D058-A313-4FC2-82A3-D7E4CA21FFB3}.Release|x64.Build.0 = Release|Any CPU
		{2181D058-A313-4FC2-82A3-D7E4CA21FFB3}.Release|x86.ActiveCfg = Release|Any CPU
		{2181D058-A313-4FC2-82A3-D7E4CA21FFB3}.Release|x86.Build.0 = Release|Any CPU
		{A175C753-19BB-4C31-AE00-D123A7E697F5}.Debug|Any CPU.ActiveCfg = Debug|Any CPU
		{A175C753-19BB-4C31-AE00-D123A7E697F5}.Debug|Any CPU.Build.0 = Debug|Any CPU
		{A175C753-19BB-4C31-AE00-D123A7E697F5}.Debug|x64.ActiveCfg = Debug|Any CPU
		{A175C753-19BB-4C31-AE00-D123A7E697F5}.Debug|x64.Build.0 = Debug|Any CPU
		{A175C753-19BB-4C31-AE00-D123A7E697F5}.Debug|x86.ActiveCfg = Debug|Any CPU
		{A175C753-19BB-4C31-AE00-D123A7E697F5}.Debug|x86.Build.0 = Debug|Any CPU
		{A175C753-19BB-4C31-AE00-D123A7E697F5}.Release|Any CPU.ActiveCfg = Release|Any CPU
		{A175C753-19BB-4C31-AE00-D123A7E697F5}.Release|Any CPU.Build.0 = Release|Any CPU
		{A175C753-19BB-4C31-AE00-D123A7E697F5}.Release|x64.ActiveCfg = Release|Any CPU
		{A175C753-19BB-4C31-AE00-D123A7E697F5}.Release|x64.Build.0 = Release|Any CPU
		{A175C753-19BB-4C31-AE00-D123A7E697F5}.Release|x86.ActiveCfg = Release|Any CPU
		{A175C753-19BB-4C31-AE00-D123A7E697F5}.Release|x86.Build.0 = Release|Any CPU
		{1B78B01D-001D-4B3A-A3BB-8BC24AF34824}.Debug|Any CPU.ActiveCfg = Debug|Any CPU
		{1B78B01D-001D-4B3A-A3BB-8BC24AF34824}.Debug|Any CPU.Build.0 = Debug|Any CPU
		{1B78B01D-001D-4B3A-A3BB-8BC24AF34824}.Debug|x64.ActiveCfg = Debug|Any CPU
		{1B78B01D-001D-4B3A-A3BB-8BC24AF34824}.Debug|x64.Build.0 = Debug|Any CPU
		{1B78B01D-001D-4B3A-A3BB-8BC24AF34824}.Debug|x86.ActiveCfg = Debug|Any CPU
		{1B78B01D-001D-4B3A-A3BB-8BC24AF34824}.Debug|x86.Build.0 = Debug|Any CPU
		{1B78B01D-001D-4B3A-A3BB-8BC24AF34824}.Release|Any CPU.ActiveCfg = Release|Any CPU
		{1B78B01D-001D-4B3A-A3BB-8BC24AF34824}.Release|Any CPU.Build.0 = Release|Any CPU
		{1B78B01D-001D-4B3A-A3BB-8BC24AF34824}.Release|x64.ActiveCfg = Release|Any CPU
		{1B78B01D-001D-4B3A-A3BB-8BC24AF34824}.Release|x64.Build.0 = Release|Any CPU
		{1B78B01D-001D-4B3A-A3BB-8BC24AF34824}.Release|x86.ActiveCfg = Release|Any CPU
		{1B78B01D-001D-4B3A-A3BB-8BC24AF34824}.Release|x86.Build.0 = Release|Any CPU
	EndGlobalSection
	GlobalSection(SolutionProperties) = preSolution
		HideSolutionNode = FALSE
	EndGlobalSection
EndGlobal
